// !$*UTF8*$!
{
	archiveVersion = 1;
	classes = {
	};
	objectVersion = 46;
	objects = {

/* Begin PBXBuildFile section */
		68D86E361A630FD600CAC620 /* AppDelegate.swift in Sources */ = {isa = PBXBuildFile; fileRef = 68D86E351A630FD600CAC620 /* AppDelegate.swift */; };
		68D86E381A630FD600CAC620 /* ViewController.swift in Sources */ = {isa = PBXBuildFile; fileRef = 68D86E371A630FD600CAC620 /* ViewController.swift */; };
		68D86E3B1A630FD600CAC620 /* Main.storyboard in Resources */ = {isa = PBXBuildFile; fileRef = 68D86E391A630FD600CAC620 /* Main.storyboard */; };
		68D86E3D1A630FD600CAC620 /* Images.xcassets in Resources */ = {isa = PBXBuildFile; fileRef = 68D86E3C1A630FD600CAC620 /* Images.xcassets */; };
		68D86E401A630FD600CAC620 /* LaunchScreen.xib in Resources */ = {isa = PBXBuildFile; fileRef = 68D86E3E1A630FD600CAC620 /* LaunchScreen.xib */; };
		68D86E4C1A630FD700CAC620 /* Lemonade_StandTests.swift in Sources */ = {isa = PBXBuildFile; fileRef = 68D86E4B1A630FD700CAC620 /* Lemonade_StandTests.swift */; };
		68D86E581A632C5F00CAC620 /* Customer.swift in Sources */ = {isa = PBXBuildFile; fileRef = 68D86E571A632C5F00CAC620 /* Customer.swift */; };
		68D86E5B1A632CF300CAC620 /* LemonadeStand.swift in Sources */ = {isa = PBXBuildFile; fileRef = 68D86E5A1A632CF300CAC620 /* LemonadeStand.swift */; };
/* End PBXBuildFile section */

/* Begin PBXContainerItemProxy section */
		68D86E461A630FD700CAC620 /* PBXContainerItemProxy */ = {
			isa = PBXContainerItemProxy;
			containerPortal = 68D86E281A630FD600CAC620 /* Project object */;
			proxyType = 1;
			remoteGlobalIDString = 68D86E2F1A630FD600CAC620;
			remoteInfo = "Lemonade Stand";
		};
/* End PBXContainerItemProxy section */

/* Begin PBXFileReference section */
		68D86E301A630FD600CAC620 /* Lemonade Stand.app */ = {isa = PBXFileReference; explicitFileType = wrapper.application; includeInIndex = 0; path = "Lemonade Stand.app"; sourceTree = BUILT_PRODUCTS_DIR; };
		68D86E341A630FD600CAC620 /* Info.plist */ = {isa = PBXFileReference; lastKnownFileType = text.plist.xml; path = Info.plist; sourceTree = "<group>"; };
		68D86E351A630FD600CAC620 /* AppDelegate.swift */ = {isa = PBXFileReference; lastKnownFileType = sourcecode.swift; path = AppDelegate.swift; sourceTree = "<group>"; };
		68D86E371A630FD600CAC620 /* ViewController.swift */ = {isa = PBXFileReference; lastKnownFileType = sourcecode.swift; path = ViewController.swift; sourceTree = "<group>"; };
		68D86E3A1A630FD600CAC620 /* Base */ = {isa = PBXFileReference; lastKnownFileType = file.storyboard; name = Base; path = Base.lproj/Main.storyboard; sourceTree = "<group>"; };
		68D86E3C1A630FD600CAC620 /* Images.xcassets */ = {isa = PBXFileReference; lastKnownFileType = folder.assetcatalog; path = Images.xcassets; sourceTree = "<group>"; };
		68D86E3F1A630FD600CAC620 /* Base */ = {isa = PBXFileReference; lastKnownFileType = file.xib; name = Base; path = Base.lproj/LaunchScreen.xib; sourceTree = "<group>"; };
		68D86E451A630FD700CAC620 /* Lemonade StandTests.xctest */ = {isa = PBXFileReference; explicitFileType = wrapper.cfbundle; includeInIndex = 0; path = "Lemonade StandTests.xctest"; sourceTree = BUILT_PRODUCTS_DIR; };
		68D86E4A1A630FD700CAC620 /* Info.plist */ = {isa = PBXFileReference; lastKnownFileType = text.plist.xml; path = Info.plist; sourceTree = "<group>"; };
		68D86E4B1A630FD700CAC620 /* Lemonade_StandTests.swift */ = {isa = PBXFileReference; lastKnownFileType = sourcecode.swift; path = Lemonade_StandTests.swift; sourceTree = "<group>"; };
		68D86E571A632C5F00CAC620 /* Customer.swift */ = {isa = PBXFileReference; fileEncoding = 4; lastKnownFileType = sourcecode.swift; path = Customer.swift; sourceTree = "<group>"; };
		68D86E5A1A632CF300CAC620 /* LemonadeStand.swift */ = {isa = PBXFileReference; fileEncoding = 4; lastKnownFileType = sourcecode.swift; path = LemonadeStand.swift; sourceTree = "<group>"; };
/* End PBXFileReference section */

/* Begin PBXFrameworksBuildPhase section */
		68D86E2D1A630FD600CAC620 /* Frameworks */ = {
			isa = PBXFrameworksBuildPhase;
			buildActionMask = 2147483647;
			files = (
			);
			runOnlyForDeploymentPostprocessing = 0;
		};
		68D86E421A630FD700CAC620 /* Frameworks */ = {
			isa = PBXFrameworksBuildPhase;
			buildActionMask = 2147483647;
			files = (
			);
			runOnlyForDeploymentPostprocessing = 0;
		};
/* End PBXFrameworksBuildPhase section */

/* Begin PBXGroup section */
		68D86E271A630FD600CAC620 = {
			isa = PBXGroup;
			children = (
				68D86E321A630FD600CAC620 /* Lemonade Stand */,
				68D86E481A630FD700CAC620 /* Lemonade StandTests */,
				68D86E311A630FD600CAC620 /* Products */,
			);
			sourceTree = "<group>";
		};
		68D86E311A630FD600CAC620 /* Products */ = {
			isa = PBXGroup;
			children = (
				68D86E301A630FD600CAC620 /* Lemonade Stand.app */,
				68D86E451A630FD700CAC620 /* Lemonade StandTests.xctest */,
			);
			name = Products;
			sourceTree = "<group>";
		};
		68D86E321A630FD600CAC620 /* Lemonade Stand */ = {
			isa = PBXGroup;
			children = (
				68D86E591A632CE300CAC620 /* Classes */,
				68D86E561A632C4D00CAC620 /* Structs */,
				68D86E351A630FD600CAC620 /* AppDelegate.swift */,
				68D86E371A630FD600CAC620 /* ViewController.swift */,
				68D86E391A630FD600CAC620 /* Main.storyboard */,
				68D86E3C1A630FD600CAC620 /* Images.xcassets */,
				68D86E3E1A630FD600CAC620 /* LaunchScreen.xib */,
				68D86E331A630FD600CAC620 /* Supporting Files */,
			);
			path = "Lemonade Stand";
			sourceTree = "<group>";
		};
		68D86E331A630FD600CAC620 /* Supporting Files */ = {
			isa = PBXGroup;
			children = (
				68D86E341A630FD600CAC620 /* Info.plist */,
			);
			name = "Supporting Files";
			sourceTree = "<group>";
		};
		68D86E481A630FD700CAC620 /* Lemonade StandTests */ = {
			isa = PBXGroup;
			children = (
				68D86E4B1A630FD700CAC620 /* Lemonade_StandTests.swift */,
				68D86E491A630FD700CAC620 /* Supporting Files */,
			);
			path = "Lemonade StandTests";
			sourceTree = "<group>";
		};
		68D86E491A630FD700CAC620 /* Supporting Files */ = {
			isa = PBXGroup;
			children = (
				68D86E4A1A630FD700CAC620 /* Info.plist */,
			);
			name = "Supporting Files";
			sourceTree = "<group>";
		};
		68D86E561A632C4D00CAC620 /* Structs */ = {
			isa = PBXGroup;
			children = (
				68D86E571A632C5F00CAC620 /* Customer.swift */,
			);
			name = Structs;
			sourceTree = "<group>";
		};
		68D86E591A632CE300CAC620 /* Classes */ = {
			isa = PBXGroup;
			children = (
				68D86E5A1A632CF300CAC620 /* LemonadeStand.swift */,
			);
			name = Classes;
			sourceTree = "<group>";
		};
/* End PBXGroup section */

/* Begin PBXNativeTarget section */
		68D86E2F1A630FD600CAC620 /* Lemonade Stand */ = {
			isa = PBXNativeTarget;
			buildConfigurationList = 68D86E4F1A630FD700CAC620 /* Build configuration list for PBXNativeTarget "Lemonade Stand" */;
			buildPhases = (
				68D86E2C1A630FD600CAC620 /* Sources */,
				68D86E2D1A630FD600CAC620 /* Frameworks */,
				68D86E2E1A630FD600CAC620 /* Resources */,
			);
			buildRules = (
			);
			dependencies = (
			);
			name = "Lemonade Stand";
			productName = "Lemonade Stand";
			productReference = 68D86E301A630FD600CAC620 /* Lemonade Stand.app */;
			productType = "com.apple.product-type.application";
		};
		68D86E441A630FD700CAC620 /* Lemonade StandTests */ = {
			isa = PBXNativeTarget;
			buildConfigurationList = 68D86E521A630FD700CAC620 /* Build configuration list for PBXNativeTarget "Lemonade StandTests" */;
			buildPhases = (
				68D86E411A630FD700CAC620 /* Sources */,
				68D86E421A630FD700CAC620 /* Frameworks */,
				68D86E431A630FD700CAC620 /* Resources */,
			);
			buildRules = (
			);
			dependencies = (
				68D86E471A630FD700CAC620 /* PBXTargetDependency */,
			);
			name = "Lemonade StandTests";
			productName = "Lemonade StandTests";
			productReference = 68D86E451A630FD700CAC620 /* Lemonade StandTests.xctest */;
			productType = "com.apple.product-type.bundle.unit-test";
		};
/* End PBXNativeTarget section */

/* Begin PBXProject section */
		68D86E281A630FD600CAC620 /* Project object */ = {
			isa = PBXProject;
			attributes = {
				LastUpgradeCheck = 0610;
				ORGANIZATIONNAME = "Keenan Jaenicke";
				TargetAttributes = {
					68D86E2F1A630FD600CAC620 = {
						CreatedOnToolsVersion = 6.1;
					};
					68D86E441A630FD700CAC620 = {
						CreatedOnToolsVersion = 6.1;
						TestTargetID = 68D86E2F1A630FD600CAC620;
					};
				};
			};
			buildConfigurationList = 68D86E2B1A630FD600CAC620 /* Build configuration list for PBXProject "Lemonade Stand" */;
			compatibilityVersion = "Xcode 3.2";
			developmentRegion = English;
			hasScannedForEncodings = 0;
			knownRegions = (
				en,
				Base,
			);
			mainGroup = 68D86E271A630FD600CAC620;
			productRefGroup = 68D86E311A630FD600CAC620 /* Products */;
			projectDirPath = "";
			projectRoot = "";
			targets = (
				68D86E2F1A630FD600CAC620 /* Lemonade Stand */,
				68D86E441A630FD700CAC620 /* Lemonade StandTests */,
			);
		};
/* End PBXProject section */

/* Begin PBXResourcesBuildPhase section */
		68D86E2E1A630FD600CAC620 /* Resources */ = {
			isa = PBXResourcesBuildPhase;
			buildActionMask = 2147483647;
			files = (
				68D86E3B1A630FD600CAC620 /* Main.storyboard in Resources */,
				68D86E401A630FD600CAC620 /* LaunchScreen.xib in Resources */,
				68D86E3D1A630FD600CAC620 /* Images.xcassets in Resources */,
			);
			runOnlyForDeploymentPostprocessing = 0;
		};
		68D86E431A630FD700CAC620 /* Resources */ = {
			isa = PBXResourcesBuildPhase;
			buildActionMask = 2147483647;
			files = (
			);
			runOnlyForDeploymentPostprocessing = 0;
		};
/* End PBXResourcesBuildPhase section */

/* Begin PBXSourcesBuildPhase section */
		68D86E2C1A630FD600CAC620 /* Sources */ = {
			isa = PBXSourcesBuildPhase;
			buildActionMask = 2147483647;
			files = (
				68D86E581A632C5F00CAC620 /* Customer.swift in Sources */,
				68D86E5B1A632CF300CAC620 /* LemonadeStand.swift in Sources */,
				68D86E381A630FD600CAC620 /* ViewController.swift in Sources */,
				68D86E361A630FD600CAC620 /* AppDelegate.swift in Sources */,
			);
			runOnlyForDeploymentPostprocessing = 0;
		};
		68D86E411A630FD700CAC620 /* Sources */ = {
			isa = PBXSourcesBuildPhase;
			buildActionMask = 2147483647;
			files = (
				68D86E4C1A630FD700CAC620 /* Lemonade_StandTests.swift in Sources */,
			);
			runOnlyForDeploymentPostprocessing = 0;
		};
/* End PBXSourcesBuildPhase section */

/* Begin PBXTargetDependency section */
		68D86E471A630FD700CAC620 /* PBXTargetDependency */ = {
			isa = PBXTargetDependency;
			target = 68D86E2F1A630FD600CAC620 /* Lemonade Stand */;
			targetProxy = 68D86E461A630FD700CAC620 /* PBXContainerItemProxy */;
		};
/* End PBXTargetDependency section */

/* Begin PBXVariantGroup section */
		68D86E391A630FD600CAC620 /* Main.storyboard */ = {
			isa = PBXVariantGroup;
			children = (
				68D86E3A1A630FD600CAC620 /* Base */,
			);
			name = Main.storyboard;
			sourceTree = "<group>";
		};
		68D86E3E1A630FD600CAC620 /* LaunchScreen.xib */ = {
			isa = PBXVariantGroup;
			children = (
				68D86E3F1A630FD600CAC620 /* Base */,
			);
			name = LaunchScreen.xib;
			sourceTree = "<group>";
		};
/* End PBXVariantGroup section */

/* Begin XCBuildConfiguration section */
		68D86E4D1A630FD700CAC620 /* Debug */ = {
			isa = XCBuildConfiguration;
			buildSettings = {
				ALWAYS_SEARCH_USER_PATHS = NO;
				CLANG_CXX_LANGUAGE_STANDARD = "gnu++0x";
				CLANG_CXX_LIBRARY = "libc++";
				CLANG_ENABLE_MODULES = YES;
				CLANG_ENABLE_OBJC_ARC = YES;
				CLANG_WARN_BOOL_CONVERSION = YES;
				CLANG_WARN_CONSTANT_CONVERSION = YES;
				CLANG_WARN_DIRECT_OBJC_ISA_USAGE = YES_ERROR;
				CLANG_WARN_EMPTY_BODY = YES;
				CLANG_WARN_ENUM_CONVERSION = YES;
				CLANG_WARN_INT_CONVERSION = YES;
				CLANG_WARN_OBJC_ROOT_CLASS = YES_ERROR;
				CLANG_WARN_UNREACHABLE_CODE = YES;
				CLANG_WARN__DUPLICATE_METHOD_MATCH = YES;
				"CODE_SIGN_IDENTITY[sdk=iphoneos*]" = "iPhone Developer";
				COPY_PHASE_STRIP = NO;
				ENABLE_STRICT_OBJC_MSGSEND = YES;
				GCC_C_LANGUAGE_STANDARD = gnu99;
				GCC_DYNAMIC_NO_PIC = NO;
				GCC_OPTIMIZATION_LEVEL = 0;
				GCC_PREPROCESSOR_DEFINITIONS = (
					"DEBUG=1",
					"$(inherited)",
				);
				GCC_SYMBOLS_PRIVATE_EXTERN = NO;
				GCC_WARN_64_TO_32_BIT_CONVERSION = YES;
				GCC_WARN_ABOUT_RETURN_TYPE = YES_ERROR;
				GCC_WARN_UNDECLARED_SELECTOR = YES;
				GCC_WARN_UNINITIALIZED_AUTOS = YES_AGGRESSIVE;
				GCC_WARN_UNUSED_FUNCTION = YES;
				GCC_WARN_UNUSED_VARIABLE = YES;
				IPHONEOS_DEPLOYMENT_TARGET = 8.1;
				MTL_ENABLE_DEBUG_INFO = YES;
				ONLY_ACTIVE_ARCH = YES;
				SDKROOT = iphoneos;
				SWIFT_OPTIMIZATION_LEVEL = "-Onone";
				TARGETED_DEVICE_FAMILY = "1,2";
			};
			name = Debug;
		};
		68D86E4E1A630FD700CAC620 /* Release */ = {
			isa = XCBuildConfiguration;
			buildSettings = {
				ALWAYS_SEARCH_USER_PATHS = NO;
				CLANG_CXX_LANGUAGE_STANDARD = "gnu++0x";
				CLANG_CXX_LIBRARY = "libc++";
				CLANG_ENABLE_MODULES = YES;
				CLANG_ENABLE_OBJC_ARC = YES;
				CLANG_WARN_BOOL_CONVERSION = YES;
				CLANG_WARN_CONSTANT_CONVERSION = YES;
				CLANG_WARN_DIRECT_OBJC_ISA_USAGE = YES_ERROR;
				CLANG_WARN_EMPTY_BODY = YES;
				CLANG_WARN_ENUM_CONVERSION = YES;
				CLANG_WARN_INT_CONVERSION = YES;
				CLANG_WARN_OBJC_ROOT_CLASS = YES_ERROR;
				CLANG_WARN_UNREACHABLE_CODE = YES;
				CLANG_WARN__DUPLICATE_METHOD_MATCH = YES;
				"CODE_SIGN_IDENTITY[sdk=iphoneos*]" = "iPhone Developer";
				COPY_PHASE_STRIP = YES;
				ENABLE_NS_ASSERTIONS = NO;
				ENABLE_STRICT_OBJC_MSGSEND = YES;
				GCC_C_LANGUAGE_STANDARD = gnu99;
				GCC_WARN_64_TO_32_BIT_CONVERSION = YES;
				GCC_WARN_ABOUT_RETURN_TYPE = YES_ERROR;
				GCC_WARN_UNDECLARED_SELECTOR = YES;
				GCC_WARN_UNINITIALIZED_AUTOS = YES_AGGRESSIVE;
				GCC_WARN_UNUSED_FUNCTION = YES;
				GCC_WARN_UNUSED_VARIABLE = YES;
				IPHONEOS_DEPLOYMENT_TARGET = 8.1;
				MTL_ENABLE_DEBUG_INFO = NO;
				SDKROOT = iphoneos;
				TARGETED_DEVICE_FAMILY = "1,2";
				VALIDATE_PRODUCT = YES;
			};
			name = Release;
		};
		68D86E501A630FD700CAC620 /* Debug */ = {
			isa = XCBuildConfiguration;
			buildSettings = {
				ASSETCATALOG_COMPILER_APPICON_NAME = AppIcon;
				INFOPLIST_FILE = "Lemonade Stand/Info.plist";
				LD_RUNPATH_SEARCH_PATHS = "$(inherited) @executable_path/Frameworks";
				PRODUCT_NAME = "$(TARGET_NAME)";
			};
			name = Debug;
		};
		68D86E511A630FD700CAC620 /* Release */ = {
			isa = XCBuildConfiguration;
			buildSettings = {
				ASSETCATALOG_COMPILER_APPICON_NAME = AppIcon;
				INFOPLIST_FILE = "Lemonade Stand/Info.plist";
				LD_RUNPATH_SEARCH_PATHS = "$(inherited) @executable_path/Frameworks";
				PRODUCT_NAME = "$(TARGET_NAME)";
			};
			name = Release;
		};
		68D86E531A630FD700CAC620 /* Debug */ = {
			isa = XCBuildConfiguration;
			buildSettings = {
				BUNDLE_LOADER = "$(TEST_HOST)";
				FRAMEWORK_SEARCH_PATHS = (
					"$(SDKROOT)/Developer/Library/Frameworks",
					"$(inherited)",
				);
				GCC_PREPROCESSOR_DEFINITIONS = (
					"DEBUG=1",
					"$(inherited)",
				);
				INFOPLIST_FILE = "Lemonade StandTests/Info.plist";
				LD_RUNPATH_SEARCH_PATHS = "$(inherited) @executable_path/Frameworks @loader_path/Frameworks";
				PRODUCT_NAME = "$(TARGET_NAME)";
				TEST_HOST = "$(BUILT_PRODUCTS_DIR)/Lemonade Stand.app/Lemonade Stand";
			};
			name = Debug;
		};
		68D86E541A630FD700CAC620 /* Release */ = {
			isa = XCBuildConfiguration;
			buildSettings = {
				BUNDLE_LOADER = "$(TEST_HOST)";
				FRAMEWORK_SEARCH_PATHS = (
					"$(SDKROOT)/Developer/Library/Frameworks",
					"$(inherited)",
				);
				INFOPLIST_FILE = "Lemonade StandTests/Info.plist";
				LD_RUNPATH_SEARCH_PATHS = "$(inherited) @executable_path/Frameworks @loader_path/Frameworks";
				PRODUCT_NAME = "$(TARGET_NAME)";
				TEST_HOST = "$(BUILT_PRODUCTS_DIR)/Lemonade Stand.app/Lemonade Stand";
			};
			name = Release;
		};
/* End XCBuildConfiguration section */

/* Begin XCConfigurationList section */
		68D86E2B1A630FD600CAC620 /* Build configuration list for PBXProject "Lemonade Stand" */ = {
			isa = XCConfigurationList;
			buildConfigurations = (
				68D86E4D1A630FD700CAC620 /* Debug */,
				68D86E4E1A630FD700CAC620 /* Release */,
			);
			defaultConfigurationIsVisible = 0;
			defaultConfigurationName = Release;
		};
		68D86E4F1A630FD700CAC620 /* Build configuration list for PBXNativeTarget "Lemonade Stand" */ = {
			isa = XCConfigurationList;
			buildConfigurations = (
				68D86E501A630FD700CAC620 /* Debug */,
				68D86E511A630FD700CAC620 /* Release */,
			);
			defaultConfigurationIsVisible = 0;
			defaultConfigurationName = Release;
		};
		68D86E521A630FD700CAC620 /* Build configuration list for PBXNativeTarget "Lemonade StandTests" */ = {
			isa = XCConfigurationList;
			buildConfigurations = (
				68D86E531A630FD700CAC620 /* Debug */,
				68D86E541A630FD700CAC620 /* Release */,
			);
			defaultConfigurationIsVisible = 0;
			defaultConfigurationName = Release;
		};
/* End XCConfigurationList section */
	};
	rootObject = 68D86E281A630FD600CAC620 /* Project object */;
}
